
Microsoft Visual Studio Solution File, Format Version 12.00
# Visual Studio Version 17
VisualStudioVersion = 17.13.35919.96 d17.13
MinimumVisualStudioVersion = 10.0.40219.1
Project("{FAE04EC0-301F-11D3-BF4B-00C04F79EFBC}") = "ECommerce", "ECommerce.csproj", "{DFA87CA1-9C39-4ECD-9681-85BFF896A883}"
EndProject
Global
	GlobalSection(SolutionConfigurationPlatforms) = preSolution
		Debug|Any CPU = Debug|Any CPU
		Release|Any CPU = Release|Any CPU
	EndGlobalSection
	GlobalSection(ProjectConfigurationPlatforms) = postSolution
		{DFA87CA1-9C39-4ECD-9681-85BFF896A883}.Debug|Any CPU.ActiveCfg = Debug|Any CPU
		{DFA87CA1-9C39-4ECD-9681-85BFF896A883}.Debug|Any CPU.Build.0 = Debug|Any CPU
		{DFA87CA1-9C39-4ECD-9681-85BFF896A883}.Release|Any CPU.ActiveCfg = Release|Any CPU
		{DFA87CA1-9C39-4ECD-9681-85BFF896A883}.Release|Any CPU.Build.0 = Release|Any CPU
	EndGlobalSection
	GlobalSection(SolutionProperties) = preSolution
		HideSolutionNode = FALSE
	EndGlobalSection
	GlobalSection(ExtensibilityGlobals) = postSolution
		SolutionGuid = {8C60AD05-B353-488E-8CC4-AF06529F6960}
	EndGlobalSection
EndGlobal
